// !$*UTF8*$!
{
	archiveVersion = 1;
	classes = {
	};
	objectVersion = 46;
	objects = {

/* Begin PBXBuildFile section */
		20FB2ADC1BFBE83600D401EC /* main.swift in Sources */ = {isa = PBXBuildFile; fileRef = 20FB2ADB1BFBE83600D401EC /* main.swift */; };
/* End PBXBuildFile section */

/* Begin PBXCopyFilesBuildPhase section */
		20FB2AD61BFBE83600D401EC /* CopyFiles */ = {
			isa = PBXCopyFilesBuildPhase;
			buildActionMask = 2147483647;
			dstPath = /usr/share/man/man1/;
			dstSubfolderSpec = 0;
			files = (
			);
			runOnlyForDeploymentPostprocessing = 1;
		};
/* End PBXCopyFilesBuildPhase section */

/* Begin PBXFileReference section */
		20FB2AD81BFBE83600D401EC /* ExtendProtocolSubscript */ = {isa = PBXFileReference; explicitFileType = "compiled.mach-o.executable"; includeInIndex = 0; path = ExtendProtocolSubscript; sourceTree = BUILT_PRODUCTS_DIR; };
		20FB2ADB1BFBE83600D401EC /* main.swift */ = {isa = PBXFileReference; lastKnownFileType = sourcecode.swift; path = main.swift; sourceTree = "<group>"; };
/* End PBXFileReference section */

/* Begin PBXFrameworksBuildPhase section */
		20FB2AD51BFBE83600D401EC /* Frameworks */ = {
			isa = PBXFrameworksBuildPhase;
			buildActionMask = 2147483647;
			files = (
			);
			runOnlyForDeploymentPostprocessing = 0;
		};
/* End PBXFrameworksBuildPhase section */

/* Begin PBXGroup section */
		20FB2ACF1BFBE83600D401EC = {
			isa = PBXGroup;
			children = (
				20FB2ADA1BFBE83600D401EC /* ExtendProtocolSubscript */,
				20FB2AD91BFBE83600D401EC /* Products */,
			);
			sourceTree = "<group>";
		};
		20FB2AD91BFBE83600D401EC /* Products */ = {
			isa = PBXGroup;
			children = (
				20FB2AD81BFBE83600D401EC /* ExtendProtocolSubscript */,
			);
			name = Products;
			sourceTree = "<group>";
		};
		20FB2ADA1BFBE83600D401EC /* ExtendProtocolSubscript */ = {
			isa = PBXGroup;
			children = (
				20FB2ADB1BFBE83600D401EC /* main.swift */,
			);
			path = ExtendProtocolSubscript;
			sourceTree = "<group>";
		};
/* End PBXGroup section */

/* Begin PBXNativeTarget section */
		20FB2AD71BFBE83600D401EC /* ExtendProtocolSubscript */ = {
			isa = PBXNativeTarget;
			buildConfigurationList = 20FB2ADF1BFBE83600D401EC /* Build configuration list for PBXNativeTarget "ExtendProtocolSubscript" */;
			buildPhases = (
				20FB2AD41BFBE83600D401EC /* Sources */,
				20FB2AD51BFBE83600D401EC /* Frameworks */,
				20FB2AD61BFBE83600D401EC /* CopyFiles */,
			);
			buildRules = (
			);
			dependencies = (
			);
			name = ExtendProtocolSubscript;
			productName = ExtendProtocolSubscript;
			productReference = 20FB2AD81BFBE83600D401EC /* ExtendProtocolSubscript */;
			productType = "com.apple.product-type.tool";
		};
/* End PBXNativeTarget section */

/* Begin PBXProject section */
		20FB2AD01BFBE83600D401EC /* Project object */ = {
			isa = PBXProject;
			attributes = {
				LastSwiftUpdateCheck = 0710;
				LastUpgradeCheck = 0710;
				ORGANIZATIONNAME = fitz;
				TargetAttributes = {
					20FB2AD71BFBE83600D401EC = {
						CreatedOnToolsVersion = 7.1.1;
					};
				};
			};
			buildConfigurationList = 20FB2AD31BFBE83600D401EC /* Build configuration list for PBXProject "ExtendProtocolSubscript" */;
			compatibilityVersion = "Xcode 3.2";
			developmentRegion = English;
			hasScannedForEncodings = 0;
			knownRegions = (
				en,
			);
			mainGroup = 20FB2ACF1BFBE83600D401EC;
			productRefGroup = 20FB2AD91BFBE83600D401EC /* Products */;
			projectDirPath = "";
			projectRoot = "";
			targets = (
				20FB2AD71BFBE83600D401EC /* ExtendProtocolSubscript */,
			);
		};
/* End PBXProject section */

/* Begin PBXSourcesBuildPhase section */
		20FB2AD41BFBE83600D401EC /* Sources */ = {
			isa = PBXSourcesBuildPhase;
			buildActionMask = 2147483647;
			files = (
				20FB2ADC1BFBE83600D401EC /* main.swift in Sources */,
			);
			runOnlyForDeploymentPostprocessing = 0;
		};
/* End PBXSourcesBuildPhase section */

/* Begin XCBuildConfiguration section */
		20FB2ADD1BFBE83600D401EC /* Debug */ = {
			isa = XCBuildConfiguration;
			buildSettings = {
				ALWAYS_SEARCH_USER_PATHS = NO;
				CLANG_CXX_LANGUAGE_STANDARD = "gnu++0x";
				CLANG_CXX_LIBRARY = "libc++";
				CLANG_ENABLE_MODULES = YES;
				CLANG_ENABLE_OBJC_ARC = YES;
				CLANG_WARN_BOOL_CONVERSION = YES;
				CLANG_WARN_CONSTANT_CONVERSION = YES;
				CLANG_WARN_DIRECT_OBJC_ISA_USAGE = YES_ERROR;
				CLANG_WARN_EMPTY_BODY = YES;
				CLANG_WARN_ENUM_CONVERSION = YES;
				CLANG_WARN_INT_CONVERSION = YES;
				CLANG_WARN_OBJC_ROOT_CLASS = YES_ERROR;
				CLANG_WARN_UNREACHABLE_CODE = YES;
				CLANG_WARN__DUPLICATE_METHOD_MATCH = YES;
				CODE_SIGN_IDENTITY = "-";
				COPY_PHASE_STRIP = NO;
				DEBUG_INFORMATION_FORMAT = dwarf;
				ENABLE_STRICT_OBJC_MSGSEND = YES;
				ENABLE_TESTABILITY = YES;
				GCC_C_LANGUAGE_STANDARD = gnu99;
				GCC_DYNAMIC_NO_PIC = NO;
				GCC_NO_COMMON_BLOCKS = YES;
				GCC_OPTIMIZATION_LEVEL = 0;
				GCC_PREPROCESSOR_DEFINITIONS = (
					"DEBUG=1",
					"$(inherited)",
				);
				GCC_WARN_64_TO_32_BIT_CONVERSION = YES;
				GCC_WARN_ABOUT_RETURN_TYPE = YES_ERROR;
				GCC_WARN_UNDECLARED_SELECTOR = YES;
				GCC_WARN_UNINITIALIZED_AUTOS = YES_AGGRESSIVE;
				GCC_WARN_UNUSED_FUNCTION = YES;
				GCC_WARN_UNUSED_VARIABLE = YES;
				MACOSX_DEPLOYMENT_TARGET = 10.11;
				MTL_ENABLE_DEBUG_INFO = YES;
				ONLY_ACTIVE_ARCH = YES;
				SDKROOT = macosx;
				SWIFT_OPTIMIZATION_LEVEL = "-Onone";
			};
			name = Debug;
		};
		20FB2ADE1BFBE83600D401EC /* Release */ = {
			isa = XCBuildConfiguration;
			buildSettings = {
				ALWAYS_SEARCH_USER_PATHS = NO;
				CLANG_CXX_LANGUAGE_STANDARD = "gnu++0x";
				CLANG_CXX_LIBRARY = "libc++";
				CLANG_ENABLE_MODULES = YES;
				CLANG_ENABLE_OBJC_ARC = YES;
				CLANG_WARN_BOOL_CONVERSION = YES;
				CLANG_WARN_CONSTANT_CONVERSION = YES;
				CLANG_WARN_DIRECT_OBJC_ISA_USAGE = YES_ERROR;
				CLANG_WARN_EMPTY_BODY = YES;
				CLANG_WARN_ENUM_CONVERSION = YES;
				CLANG_WARN_INT_CONVERSION = YES;
				CLANG_WARN_OBJC_ROOT_CLASS = YES_ERROR;
				CLANG_WARN_UNREACHABLE_CODE = YES;
				CLANG_WARN__DUPLICATE_METHOD_MATCH = YES;
				CODE_SIGN_IDENTITY = "-";
				COPY_PHASE_STRIP = NO;
				DEBUG_INFORMATION_FORMAT = "dwarf-with-dsym";
				ENABLE_NS_ASSERTIONS = NO;
				ENABLE_STRICT_OBJC_MSGSEND = YES;
				GCC_C_LANGUAGE_STANDARD = gnu99;
				GCC_NO_COMMON_BLOCKS = YES;
				GCC_WARN_64_TO_32_BIT_CONVERSION = YES;
				GCC_WARN_ABOUT_RETURN_TYPE = YES_ERROR;
				GCC_WARN_UNDECLARED_SELECTOR = YES;
				GCC_WARN_UNINITIALIZED_AUTOS = YES_AGGRESSIVE;
				GCC_WARN_UNUSED_FUNCTION = YES;
				GCC_WARN_UNUSED_VARIABLE = YES;
				MACOSX_DEPLOYMENT_TARGET = 10.11;
				MTL_ENABLE_DEBUG_INFO = NO;
				SDKROOT = macosx;
			};
			name = Release;
		};
		20FB2AE01BFBE83600D401EC /* Debug */ = {
			isa = XCBuildConfiguration;
			buildSettings = {
				PRODUCT_NAME = "$(TARGET_NAME)";
			};
			name = Debug;
		};
		20FB2AE11BFBE83600D401EC /* Release */ = {
			isa = XCBuildConfiguration;
			buildSettings = {
				PRODUCT_NAME = "$(TARGET_NAME)";
			};
			name = Release;
		};
/* End XCBuildConfiguration section */

/* Begin XCConfigurationList section */
		20FB2AD31BFBE83600D401EC /* Build configuration list for PBXProject "ExtendProtocolSubscript" */ = {
			isa = XCConfigurationList;
			buildConfigurations = (
				20FB2ADD1BFBE83600D401EC /* Debug */,
				20FB2ADE1BFBE83600D401EC /* Release */,
			);
			defaultConfigurationIsVisible = 0;
			defaultConfigurationName = Release;
		};
		20FB2ADF1BFBE83600D401EC /* Build configuration list for PBXNativeTarget "ExtendProtocolSubscript" */ = {
			isa = XCConfigurationList;
			buildConfigurations = (
				20FB2AE01BFBE83600D401EC /* Debug */,
				20FB2AE11BFBE83600D401EC /* Release */,
			);
			defaultConfigurationIsVisible = 0;
		};
/* End XCConfigurationList section */
	};
	rootObject = 20FB2AD01BFBE83600D401EC /* Project object */;
}
