// !$*UTF8*$!
{
	archiveVersion = 1;
	classes = {
	};
	objectVersion = 46;
	objects = {

/* Begin PBXBuildFile section */
		2044EF7D1BD948940031D87D /* AppDelegate.swift in Sources */ = {isa = PBXBuildFile; fileRef = 2044EF7C1BD948940031D87D /* AppDelegate.swift */; };
		2044EF7F1BD948940031D87D /* ViewController.swift in Sources */ = {isa = PBXBuildFile; fileRef = 2044EF7E1BD948940031D87D /* ViewController.swift */; };
		2044EF821BD948940031D87D /* Main.storyboard in Resources */ = {isa = PBXBuildFile; fileRef = 2044EF801BD948940031D87D /* Main.storyboard */; };
		2044EF851BD948940031D87D /* SandboxCoreData2.xcdatamodeld in Sources */ = {isa = PBXBuildFile; fileRef = 2044EF831BD948940031D87D /* SandboxCoreData2.xcdatamodeld */; };
		2044EF871BD948940031D87D /* Assets.xcassets in Resources */ = {isa = PBXBuildFile; fileRef = 2044EF861BD948940031D87D /* Assets.xcassets */; };
		2044EF8A1BD948940031D87D /* LaunchScreen.storyboard in Resources */ = {isa = PBXBuildFile; fileRef = 2044EF881BD948940031D87D /* LaunchScreen.storyboard */; };
		2044EF951BD948940031D87D /* SandboxCoreData2Tests.swift in Sources */ = {isa = PBXBuildFile; fileRef = 2044EF941BD948940031D87D /* SandboxCoreData2Tests.swift */; };
		2044EFA01BD948940031D87D /* SandboxCoreData2UITests.swift in Sources */ = {isa = PBXBuildFile; fileRef = 2044EF9F1BD948940031D87D /* SandboxCoreData2UITests.swift */; };
		20900B111BE1736A00281D0E /* Users+CoreDataProperties.swift in Sources */ = {isa = PBXBuildFile; fileRef = 20900B0F1BE1736A00281D0E /* Users+CoreDataProperties.swift */; settings = {ASSET_TAGS = (); }; };
		20900B121BE1736A00281D0E /* Users.swift in Sources */ = {isa = PBXBuildFile; fileRef = 20900B101BE1736A00281D0E /* Users.swift */; settings = {ASSET_TAGS = (); }; };
/* End PBXBuildFile section */

/* Begin PBXContainerItemProxy section */
		2044EF911BD948940031D87D /* PBXContainerItemProxy */ = {
			isa = PBXContainerItemProxy;
			containerPortal = 2044EF711BD948940031D87D /* Project object */;
			proxyType = 1;
			remoteGlobalIDString = 2044EF781BD948940031D87D;
			remoteInfo = SandboxCoreData2;
		};
		2044EF9C1BD948940031D87D /* PBXContainerItemProxy */ = {
			isa = PBXContainerItemProxy;
			containerPortal = 2044EF711BD948940031D87D /* Project object */;
			proxyType = 1;
			remoteGlobalIDString = 2044EF781BD948940031D87D;
			remoteInfo = SandboxCoreData2;
		};
/* End PBXContainerItemProxy section */

/* Begin PBXFileReference section */
		2044EF791BD948940031D87D /* SandboxCoreData2.app */ = {isa = PBXFileReference; explicitFileType = wrapper.application; includeInIndex = 0; path = SandboxCoreData2.app; sourceTree = BUILT_PRODUCTS_DIR; };
		2044EF7C1BD948940031D87D /* AppDelegate.swift */ = {isa = PBXFileReference; lastKnownFileType = sourcecode.swift; path = AppDelegate.swift; sourceTree = "<group>"; };
		2044EF7E1BD948940031D87D /* ViewController.swift */ = {isa = PBXFileReference; lastKnownFileType = sourcecode.swift; path = ViewController.swift; sourceTree = "<group>"; };
		2044EF811BD948940031D87D /* Base */ = {isa = PBXFileReference; lastKnownFileType = file.storyboard; name = Base; path = Base.lproj/Main.storyboard; sourceTree = "<group>"; };
		2044EF841BD948940031D87D /* SandboxCoreData2.xcdatamodel */ = {isa = PBXFileReference; lastKnownFileType = wrapper.xcdatamodel; path = SandboxCoreData2.xcdatamodel; sourceTree = "<group>"; };
		2044EF861BD948940031D87D /* Assets.xcassets */ = {isa = PBXFileReference; lastKnownFileType = folder.assetcatalog; path = Assets.xcassets; sourceTree = "<group>"; };
		2044EF891BD948940031D87D /* Base */ = {isa = PBXFileReference; lastKnownFileType = file.storyboard; name = Base; path = Base.lproj/LaunchScreen.storyboard; sourceTree = "<group>"; };
		2044EF8B1BD948940031D87D /* Info.plist */ = {isa = PBXFileReference; lastKnownFileType = text.plist.xml; path = Info.plist; sourceTree = "<group>"; };
		2044EF901BD948940031D87D /* SandboxCoreData2Tests.xctest */ = {isa = PBXFileReference; explicitFileType = wrapper.cfbundle; includeInIndex = 0; path = SandboxCoreData2Tests.xctest; sourceTree = BUILT_PRODUCTS_DIR; };
		2044EF941BD948940031D87D /* SandboxCoreData2Tests.swift */ = {isa = PBXFileReference; lastKnownFileType = sourcecode.swift; path = SandboxCoreData2Tests.swift; sourceTree = "<group>"; };
		2044EF961BD948940031D87D /* Info.plist */ = {isa = PBXFileReference; lastKnownFileType = text.plist.xml; path = Info.plist; sourceTree = "<group>"; };
		2044EF9B1BD948940031D87D /* SandboxCoreData2UITests.xctest */ = {isa = PBXFileReference; explicitFileType = wrapper.cfbundle; includeInIndex = 0; path = SandboxCoreData2UITests.xctest; sourceTree = BUILT_PRODUCTS_DIR; };
		2044EF9F1BD948940031D87D /* SandboxCoreData2UITests.swift */ = {isa = PBXFileReference; lastKnownFileType = sourcecode.swift; path = SandboxCoreData2UITests.swift; sourceTree = "<group>"; };
		2044EFA11BD948940031D87D /* Info.plist */ = {isa = PBXFileReference; lastKnownFileType = text.plist.xml; path = Info.plist; sourceTree = "<group>"; };
		20900B0F1BE1736A00281D0E /* Users+CoreDataProperties.swift */ = {isa = PBXFileReference; fileEncoding = 4; lastKnownFileType = sourcecode.swift; path = "Users+CoreDataProperties.swift"; sourceTree = "<group>"; };
		20900B101BE1736A00281D0E /* Users.swift */ = {isa = PBXFileReference; fileEncoding = 4; lastKnownFileType = sourcecode.swift; path = Users.swift; sourceTree = "<group>"; };
/* End PBXFileReference section */

/* Begin PBXFrameworksBuildPhase section */
		2044EF761BD948940031D87D /* Frameworks */ = {
			isa = PBXFrameworksBuildPhase;
			buildActionMask = 2147483647;
			files = (
			);
			runOnlyForDeploymentPostprocessing = 0;
		};
		2044EF8D1BD948940031D87D /* Frameworks */ = {
			isa = PBXFrameworksBuildPhase;
			buildActionMask = 2147483647;
			files = (
			);
			runOnlyForDeploymentPostprocessing = 0;
		};
		2044EF981BD948940031D87D /* Frameworks */ = {
			isa = PBXFrameworksBuildPhase;
			buildActionMask = 2147483647;
			files = (
			);
			runOnlyForDeploymentPostprocessing = 0;
		};
/* End PBXFrameworksBuildPhase section */

/* Begin PBXGroup section */
		2044EF701BD948940031D87D = {
			isa = PBXGroup;
			children = (
				20900B0F1BE1736A00281D0E /* Users+CoreDataProperties.swift */,
				20900B101BE1736A00281D0E /* Users.swift */,
				2044EF7B1BD948940031D87D /* SandboxCoreData2 */,
				2044EF931BD948940031D87D /* SandboxCoreData2Tests */,
				2044EF9E1BD948940031D87D /* SandboxCoreData2UITests */,
				2044EF7A1BD948940031D87D /* Products */,
			);
			sourceTree = "<group>";
		};
		2044EF7A1BD948940031D87D /* Products */ = {
			isa = PBXGroup;
			children = (
				2044EF791BD948940031D87D /* SandboxCoreData2.app */,
				2044EF901BD948940031D87D /* SandboxCoreData2Tests.xctest */,
				2044EF9B1BD948940031D87D /* SandboxCoreData2UITests.xctest */,
			);
			name = Products;
			sourceTree = "<group>";
		};
		2044EF7B1BD948940031D87D /* SandboxCoreData2 */ = {
			isa = PBXGroup;
			children = (
				2044EF7C1BD948940031D87D /* AppDelegate.swift */,
				2044EF7E1BD948940031D87D /* ViewController.swift */,
				2044EF801BD948940031D87D /* Main.storyboard */,
				2044EF861BD948940031D87D /* Assets.xcassets */,
				2044EF881BD948940031D87D /* LaunchScreen.storyboard */,
				2044EF8B1BD948940031D87D /* Info.plist */,
				2044EF831BD948940031D87D /* SandboxCoreData2.xcdatamodeld */,
			);
			path = SandboxCoreData2;
			sourceTree = "<group>";
		};
		2044EF931BD948940031D87D /* SandboxCoreData2Tests */ = {
			isa = PBXGroup;
			children = (
				2044EF941BD948940031D87D /* SandboxCoreData2Tests.swift */,
				2044EF961BD948940031D87D /* Info.plist */,
			);
			path = SandboxCoreData2Tests;
			sourceTree = "<group>";
		};
		2044EF9E1BD948940031D87D /* SandboxCoreData2UITests */ = {
			isa = PBXGroup;
			children = (
				2044EF9F1BD948940031D87D /* SandboxCoreData2UITests.swift */,
				2044EFA11BD948940031D87D /* Info.plist */,
			);
			path = SandboxCoreData2UITests;
			sourceTree = "<group>";
		};
/* End PBXGroup section */

/* Begin PBXNativeTarget section */
		2044EF781BD948940031D87D /* SandboxCoreData2 */ = {
			isa = PBXNativeTarget;
			buildConfigurationList = 2044EFA41BD948940031D87D /* Build configuration list for PBXNativeTarget "SandboxCoreData2" */;
			buildPhases = (
				2044EF751BD948940031D87D /* Sources */,
				2044EF761BD948940031D87D /* Frameworks */,
				2044EF771BD948940031D87D /* Resources */,
			);
			buildRules = (
			);
			dependencies = (
			);
			name = SandboxCoreData2;
			productName = SandboxCoreData2;
			productReference = 2044EF791BD948940031D87D /* SandboxCoreData2.app */;
			productType = "com.apple.product-type.application";
		};
		2044EF8F1BD948940031D87D /* SandboxCoreData2Tests */ = {
			isa = PBXNativeTarget;
			buildConfigurationList = 2044EFA71BD948940031D87D /* Build configuration list for PBXNativeTarget "SandboxCoreData2Tests" */;
			buildPhases = (
				2044EF8C1BD948940031D87D /* Sources */,
				2044EF8D1BD948940031D87D /* Frameworks */,
				2044EF8E1BD948940031D87D /* Resources */,
			);
			buildRules = (
			);
			dependencies = (
				2044EF921BD948940031D87D /* PBXTargetDependency */,
			);
			name = SandboxCoreData2Tests;
			productName = SandboxCoreData2Tests;
			productReference = 2044EF901BD948940031D87D /* SandboxCoreData2Tests.xctest */;
			productType = "com.apple.product-type.bundle.unit-test";
		};
		2044EF9A1BD948940031D87D /* SandboxCoreData2UITests */ = {
			isa = PBXNativeTarget;
			buildConfigurationList = 2044EFAA1BD948940031D87D /* Build configuration list for PBXNativeTarget "SandboxCoreData2UITests" */;
			buildPhases = (
				2044EF971BD948940031D87D /* Sources */,
				2044EF981BD948940031D87D /* Frameworks */,
				2044EF991BD948940031D87D /* Resources */,
			);
			buildRules = (
			);
			dependencies = (
				2044EF9D1BD948940031D87D /* PBXTargetDependency */,
			);
			name = SandboxCoreData2UITests;
			productName = SandboxCoreData2UITests;
			productReference = 2044EF9B1BD948940031D87D /* SandboxCoreData2UITests.xctest */;
			productType = "com.apple.product-type.bundle.ui-testing";
		};
/* End PBXNativeTarget section */

/* Begin PBXProject section */
		2044EF711BD948940031D87D /* Project object */ = {
			isa = PBXProject;
			attributes = {
				LastUpgradeCheck = 0700;
				ORGANIZATIONNAME = fitz;
				TargetAttributes = {
					2044EF781BD948940031D87D = {
						CreatedOnToolsVersion = 7.0.1;
					};
					2044EF8F1BD948940031D87D = {
						CreatedOnToolsVersion = 7.0.1;
						TestTargetID = 2044EF781BD948940031D87D;
					};
					2044EF9A1BD948940031D87D = {
						CreatedOnToolsVersion = 7.0.1;
						TestTargetID = 2044EF781BD948940031D87D;
					};
				};
			};
			buildConfigurationList = 2044EF741BD948940031D87D /* Build configuration list for PBXProject "SandboxCoreData2" */;
			compatibilityVersion = "Xcode 3.2";
			developmentRegion = English;
			hasScannedForEncodings = 0;
			knownRegions = (
				en,
				Base,
			);
			mainGroup = 2044EF701BD948940031D87D;
			productRefGroup = 2044EF7A1BD948940031D87D /* Products */;
			projectDirPath = "";
			projectRoot = "";
			targets = (
				2044EF781BD948940031D87D /* SandboxCoreData2 */,
				2044EF8F1BD948940031D87D /* SandboxCoreData2Tests */,
				2044EF9A1BD948940031D87D /* SandboxCoreData2UITests */,
			);
		};
/* End PBXProject section */

/* Begin PBXResourcesBuildPhase section */
		2044EF771BD948940031D87D /* Resources */ = {
			isa = PBXResourcesBuildPhase;
			buildActionMask = 2147483647;
			files = (
				2044EF8A1BD948940031D87D /* LaunchScreen.storyboard in Resources */,
				2044EF871BD948940031D87D /* Assets.xcassets in Resources */,
				2044EF821BD948940031D87D /* Main.storyboard in Resources */,
			);
			runOnlyForDeploymentPostprocessing = 0;
		};
		2044EF8E1BD948940031D87D /* Resources */ = {
			isa = PBXResourcesBuildPhase;
			buildActionMask = 2147483647;
			files = (
			);
			runOnlyForDeploymentPostprocessing = 0;
		};
		2044EF991BD948940031D87D /* Resources */ = {
			isa = PBXResourcesBuildPhase;
			buildActionMask = 2147483647;
			files = (
			);
			runOnlyForDeploymentPostprocessing = 0;
		};
/* End PBXResourcesBuildPhase section */

/* Begin PBXSourcesBuildPhase section */
		2044EF751BD948940031D87D /* Sources */ = {
			isa = PBXSourcesBuildPhase;
			buildActionMask = 2147483647;
			files = (
				2044EF7F1BD948940031D87D /* ViewController.swift in Sources */,
				2044EF7D1BD948940031D87D /* AppDelegate.swift in Sources */,
				20900B121BE1736A00281D0E /* Users.swift in Sources */,
				20900B111BE1736A00281D0E /* Users+CoreDataProperties.swift in Sources */,
				2044EF851BD948940031D87D /* SandboxCoreData2.xcdatamodeld in Sources */,
			);
			runOnlyForDeploymentPostprocessing = 0;
		};
		2044EF8C1BD948940031D87D /* Sources */ = {
			isa = PBXSourcesBuildPhase;
			buildActionMask = 2147483647;
			files = (
				2044EF951BD948940031D87D /* SandboxCoreData2Tests.swift in Sources */,
			);
			runOnlyForDeploymentPostprocessing = 0;
		};
		2044EF971BD948940031D87D /* Sources */ = {
			isa = PBXSourcesBuildPhase;
			buildActionMask = 2147483647;
			files = (
				2044EFA01BD948940031D87D /* SandboxCoreData2UITests.swift in Sources */,
			);
			runOnlyForDeploymentPostprocessing = 0;
		};
/* End PBXSourcesBuildPhase section */

/* Begin PBXTargetDependency section */
		2044EF921BD948940031D87D /* PBXTargetDependency */ = {
			isa = PBXTargetDependency;
			target = 2044EF781BD948940031D87D /* SandboxCoreData2 */;
			targetProxy = 2044EF911BD948940031D87D /* PBXContainerItemProxy */;
		};
		2044EF9D1BD948940031D87D /* PBXTargetDependency */ = {
			isa = PBXTargetDependency;
			target = 2044EF781BD948940031D87D /* SandboxCoreData2 */;
			targetProxy = 2044EF9C1BD948940031D87D /* PBXContainerItemProxy */;
		};
/* End PBXTargetDependency section */

/* Begin PBXVariantGroup section */
		2044EF801BD948940031D87D /* Main.storyboard */ = {
			isa = PBXVariantGroup;
			children = (
				2044EF811BD948940031D87D /* Base */,
			);
			name = Main.storyboard;
			sourceTree = "<group>";
		};
		2044EF881BD948940031D87D /* LaunchScreen.storyboard */ = {
			isa = PBXVariantGroup;
			children = (
				2044EF891BD948940031D87D /* Base */,
			);
			name = LaunchScreen.storyboard;
			sourceTree = "<group>";
		};
/* End PBXVariantGroup section */

/* Begin XCBuildConfiguration section */
		2044EFA21BD948940031D87D /* Debug */ = {
			isa = XCBuildConfiguration;
			buildSettings = {
				ALWAYS_SEARCH_USER_PATHS = NO;
				CLANG_CXX_LANGUAGE_STANDARD = "gnu++0x";
				CLANG_CXX_LIBRARY = "libc++";
				CLANG_ENABLE_MODULES = YES;
				CLANG_ENABLE_OBJC_ARC = YES;
				CLANG_WARN_BOOL_CONVERSION = YES;
				CLANG_WARN_CONSTANT_CONVERSION = YES;
				CLANG_WARN_DIRECT_OBJC_ISA_USAGE = YES_ERROR;
				CLANG_WARN_EMPTY_BODY = YES;
				CLANG_WARN_ENUM_CONVERSION = YES;
				CLANG_WARN_INT_CONVERSION = YES;
				CLANG_WARN_OBJC_ROOT_CLASS = YES_ERROR;
				CLANG_WARN_UNREACHABLE_CODE = YES;
				CLANG_WARN__DUPLICATE_METHOD_MATCH = YES;
				"CODE_SIGN_IDENTITY[sdk=iphoneos*]" = "iPhone Developer";
				COPY_PHASE_STRIP = NO;
				DEBUG_INFORMATION_FORMAT = dwarf;
				ENABLE_STRICT_OBJC_MSGSEND = YES;
				ENABLE_TESTABILITY = YES;
				GCC_C_LANGUAGE_STANDARD = gnu99;
				GCC_DYNAMIC_NO_PIC = NO;
				GCC_NO_COMMON_BLOCKS = YES;
				GCC_OPTIMIZATION_LEVEL = 0;
				GCC_PREPROCESSOR_DEFINITIONS = (
					"DEBUG=1",
					"$(inherited)",
				);
				GCC_WARN_64_TO_32_BIT_CONVERSION = YES;
				GCC_WARN_ABOUT_RETURN_TYPE = YES_ERROR;
				GCC_WARN_UNDECLARED_SELECTOR = YES;
				GCC_WARN_UNINITIALIZED_AUTOS = YES_AGGRESSIVE;
				GCC_WARN_UNUSED_FUNCTION = YES;
				GCC_WARN_UNUSED_VARIABLE = YES;
				IPHONEOS_DEPLOYMENT_TARGET = 9.0;
				MTL_ENABLE_DEBUG_INFO = YES;
				ONLY_ACTIVE_ARCH = YES;
				SDKROOT = iphoneos;
				SWIFT_OPTIMIZATION_LEVEL = "-Onone";
			};
			name = Debug;
		};
		2044EFA31BD948940031D87D /* Release */ = {
			isa = XCBuildConfiguration;
			buildSettings = {
				ALWAYS_SEARCH_USER_PATHS = NO;
				CLANG_CXX_LANGUAGE_STANDARD = "gnu++0x";
				CLANG_CXX_LIBRARY = "libc++";
				CLANG_ENABLE_MODULES = YES;
				CLANG_ENABLE_OBJC_ARC = YES;
				CLANG_WARN_BOOL_CONVERSION = YES;
				CLANG_WARN_CONSTANT_CONVERSION = YES;
				CLANG_WARN_DIRECT_OBJC_ISA_USAGE = YES_ERROR;
				CLANG_WARN_EMPTY_BODY = YES;
				CLANG_WARN_ENUM_CONVERSION = YES;
				CLANG_WARN_INT_CONVERSION = YES;
				CLANG_WARN_OBJC_ROOT_CLASS = YES_ERROR;
				CLANG_WARN_UNREACHABLE_CODE = YES;
				CLANG_WARN__DUPLICATE_METHOD_MATCH = YES;
				"CODE_SIGN_IDENTITY[sdk=iphoneos*]" = "iPhone Developer";
				COPY_PHASE_STRIP = NO;
				DEBUG_INFORMATION_FORMAT = "dwarf-with-dsym";
				ENABLE_NS_ASSERTIONS = NO;
				ENABLE_STRICT_OBJC_MSGSEND = YES;
				GCC_C_LANGUAGE_STANDARD = gnu99;
				GCC_NO_COMMON_BLOCKS = YES;
				GCC_WARN_64_TO_32_BIT_CONVERSION = YES;
				GCC_WARN_ABOUT_RETURN_TYPE = YES_ERROR;
				GCC_WARN_UNDECLARED_SELECTOR = YES;
				GCC_WARN_UNINITIALIZED_AUTOS = YES_AGGRESSIVE;
				GCC_WARN_UNUSED_FUNCTION = YES;
				GCC_WARN_UNUSED_VARIABLE = YES;
				IPHONEOS_DEPLOYMENT_TARGET = 9.0;
				MTL_ENABLE_DEBUG_INFO = NO;
				SDKROOT = iphoneos;
				VALIDATE_PRODUCT = YES;
			};
			name = Release;
		};
		2044EFA51BD948940031D87D /* Debug */ = {
			isa = XCBuildConfiguration;
			buildSettings = {
				ASSETCATALOG_COMPILER_APPICON_NAME = AppIcon;
				INFOPLIST_FILE = SandboxCoreData2/Info.plist;
				LD_RUNPATH_SEARCH_PATHS = "$(inherited) @executable_path/Frameworks";
				PRODUCT_BUNDLE_IDENTIFIER = com.junk.SandboxCoreData2;
				PRODUCT_NAME = "$(TARGET_NAME)";
			};
			name = Debug;
		};
		2044EFA61BD948940031D87D /* Release */ = {
			isa = XCBuildConfiguration;
			buildSettings = {
				ASSETCATALOG_COMPILER_APPICON_NAME = AppIcon;
				INFOPLIST_FILE = SandboxCoreData2/Info.plist;
				LD_RUNPATH_SEARCH_PATHS = "$(inherited) @executable_path/Frameworks";
				PRODUCT_BUNDLE_IDENTIFIER = com.junk.SandboxCoreData2;
				PRODUCT_NAME = "$(TARGET_NAME)";
			};
			name = Release;
		};
		2044EFA81BD948940031D87D /* Debug */ = {
			isa = XCBuildConfiguration;
			buildSettings = {
				BUNDLE_LOADER = "$(TEST_HOST)";
				INFOPLIST_FILE = SandboxCoreData2Tests/Info.plist;
				LD_RUNPATH_SEARCH_PATHS = "$(inherited) @executable_path/Frameworks @loader_path/Frameworks";
				PRODUCT_BUNDLE_IDENTIFIER = com.junk.SandboxCoreData2Tests;
				PRODUCT_NAME = "$(TARGET_NAME)";
				TEST_HOST = "$(BUILT_PRODUCTS_DIR)/SandboxCoreData2.app/SandboxCoreData2";
			};
			name = Debug;
		};
		2044EFA91BD948940031D87D /* Release */ = {
			isa = XCBuildConfiguration;
			buildSettings = {
				BUNDLE_LOADER = "$(TEST_HOST)";
				INFOPLIST_FILE = SandboxCoreData2Tests/Info.plist;
				LD_RUNPATH_SEARCH_PATHS = "$(inherited) @executable_path/Frameworks @loader_path/Frameworks";
				PRODUCT_BUNDLE_IDENTIFIER = com.junk.SandboxCoreData2Tests;
				PRODUCT_NAME = "$(TARGET_NAME)";
				TEST_HOST = "$(BUILT_PRODUCTS_DIR)/SandboxCoreData2.app/SandboxCoreData2";
			};
			name = Release;
		};
		2044EFAB1BD948940031D87D /* Debug */ = {
			isa = XCBuildConfiguration;
			buildSettings = {
				INFOPLIST_FILE = SandboxCoreData2UITests/Info.plist;
				LD_RUNPATH_SEARCH_PATHS = "$(inherited) @executable_path/Frameworks @loader_path/Frameworks";
				PRODUCT_BUNDLE_IDENTIFIER = com.junk.SandboxCoreData2UITests;
				PRODUCT_NAME = "$(TARGET_NAME)";
				TEST_TARGET_NAME = SandboxCoreData2;
				USES_XCTRUNNER = YES;
			};
			name = Debug;
		};
		2044EFAC1BD948940031D87D /* Release */ = {
			isa = XCBuildConfiguration;
			buildSettings = {
				INFOPLIST_FILE = SandboxCoreData2UITests/Info.plist;
				LD_RUNPATH_SEARCH_PATHS = "$(inherited) @executable_path/Frameworks @loader_path/Frameworks";
				PRODUCT_BUNDLE_IDENTIFIER = com.junk.SandboxCoreData2UITests;
				PRODUCT_NAME = "$(TARGET_NAME)";
				TEST_TARGET_NAME = SandboxCoreData2;
				USES_XCTRUNNER = YES;
			};
			name = Release;
		};
/* End XCBuildConfiguration section */

/* Begin XCConfigurationList section */
		2044EF741BD948940031D87D /* Build configuration list for PBXProject "SandboxCoreData2" */ = {
			isa = XCConfigurationList;
			buildConfigurations = (
				2044EFA21BD948940031D87D /* Debug */,
				2044EFA31BD948940031D87D /* Release */,
			);
			defaultConfigurationIsVisible = 0;
			defaultConfigurationName = Release;
		};
		2044EFA41BD948940031D87D /* Build configuration list for PBXNativeTarget "SandboxCoreData2" */ = {
			isa = XCConfigurationList;
			buildConfigurations = (
				2044EFA51BD948940031D87D /* Debug */,
				2044EFA61BD948940031D87D /* Release */,
			);
			defaultConfigurationIsVisible = 0;
			defaultConfigurationName = Release;
		};
		2044EFA71BD948940031D87D /* Build configuration list for PBXNativeTarget "SandboxCoreData2Tests" */ = {
			isa = XCConfigurationList;
			buildConfigurations = (
				2044EFA81BD948940031D87D /* Debug */,
				2044EFA91BD948940031D87D /* Release */,
			);
			defaultConfigurationIsVisible = 0;
			defaultConfigurationName = Release;
		};
		2044EFAA1BD948940031D87D /* Build configuration list for PBXNativeTarget "SandboxCoreData2UITests" */ = {
			isa = XCConfigurationList;
			buildConfigurations = (
				2044EFAB1BD948940031D87D /* Debug */,
				2044EFAC1BD948940031D87D /* Release */,
			);
			defaultConfigurationIsVisible = 0;
			defaultConfigurationName = Release;
		};
/* End XCConfigurationList section */

/* Begin XCVersionGroup section */
		2044EF831BD948940031D87D /* SandboxCoreData2.xcdatamodeld */ = {
			isa = XCVersionGroup;
			children = (
				2044EF841BD948940031D87D /* SandboxCoreData2.xcdatamodel */,
			);
			currentVersion = 2044EF841BD948940031D87D /* SandboxCoreData2.xcdatamodel */;
			path = SandboxCoreData2.xcdatamodeld;
			sourceTree = "<group>";
			versionGroupType = wrapper.xcdatamodel;
		};
/* End XCVersionGroup section */
	};
	rootObject = 2044EF711BD948940031D87D /* Project object */;
}
