// !$*UTF8*$!
{
	archiveVersion = 1;
	classes = {
	};
	objectVersion = 46;
	objects = {

/* Begin PBXBuildFile section */
		207A80B51BFFD6AC007B6419 /* AppDelegate.swift in Sources */ = {isa = PBXBuildFile; fileRef = 207A80B41BFFD6AC007B6419 /* AppDelegate.swift */; };
		207A80B71BFFD6AC007B6419 /* ViewController.swift in Sources */ = {isa = PBXBuildFile; fileRef = 207A80B61BFFD6AC007B6419 /* ViewController.swift */; };
		207A80BA1BFFD6AC007B6419 /* Main.storyboard in Resources */ = {isa = PBXBuildFile; fileRef = 207A80B81BFFD6AC007B6419 /* Main.storyboard */; };
		207A80BC1BFFD6AD007B6419 /* Assets.xcassets in Resources */ = {isa = PBXBuildFile; fileRef = 207A80BB1BFFD6AD007B6419 /* Assets.xcassets */; };
		207A80BF1BFFD6AD007B6419 /* LaunchScreen.storyboard in Resources */ = {isa = PBXBuildFile; fileRef = 207A80BD1BFFD6AD007B6419 /* LaunchScreen.storyboard */; };
/* End PBXBuildFile section */

/* Begin PBXFileReference section */
		207A80B11BFFD6AC007B6419 /* BarneySegue.app */ = {isa = PBXFileReference; explicitFileType = wrapper.application; includeInIndex = 0; path = BarneySegue.app; sourceTree = BUILT_PRODUCTS_DIR; };
		207A80B41BFFD6AC007B6419 /* AppDelegate.swift */ = {isa = PBXFileReference; lastKnownFileType = sourcecode.swift; path = AppDelegate.swift; sourceTree = "<group>"; };
		207A80B61BFFD6AC007B6419 /* ViewController.swift */ = {isa = PBXFileReference; lastKnownFileType = sourcecode.swift; path = ViewController.swift; sourceTree = "<group>"; };
		207A80B91BFFD6AC007B6419 /* Base */ = {isa = PBXFileReference; lastKnownFileType = file.storyboard; name = Base; path = Base.lproj/Main.storyboard; sourceTree = "<group>"; };
		207A80BB1BFFD6AD007B6419 /* Assets.xcassets */ = {isa = PBXFileReference; lastKnownFileType = folder.assetcatalog; path = Assets.xcassets; sourceTree = "<group>"; };
		207A80BE1BFFD6AD007B6419 /* Base */ = {isa = PBXFileReference; lastKnownFileType = file.storyboard; name = Base; path = Base.lproj/LaunchScreen.storyboard; sourceTree = "<group>"; };
		207A80C01BFFD6AD007B6419 /* Info.plist */ = {isa = PBXFileReference; lastKnownFileType = text.plist.xml; path = Info.plist; sourceTree = "<group>"; };
/* End PBXFileReference section */

/* Begin PBXFrameworksBuildPhase section */
		207A80AE1BFFD6AC007B6419 /* Frameworks */ = {
			isa = PBXFrameworksBuildPhase;
			buildActionMask = 2147483647;
			files = (
			);
			runOnlyForDeploymentPostprocessing = 0;
		};
/* End PBXFrameworksBuildPhase section */

/* Begin PBXGroup section */
		207A80A81BFFD6AC007B6419 = {
			isa = PBXGroup;
			children = (
				207A80B31BFFD6AC007B6419 /* BarneySegue */,
				207A80B21BFFD6AC007B6419 /* Products */,
			);
			sourceTree = "<group>";
		};
		207A80B21BFFD6AC007B6419 /* Products */ = {
			isa = PBXGroup;
			children = (
				207A80B11BFFD6AC007B6419 /* BarneySegue.app */,
			);
			name = Products;
			sourceTree = "<group>";
		};
		207A80B31BFFD6AC007B6419 /* BarneySegue */ = {
			isa = PBXGroup;
			children = (
				207A80B41BFFD6AC007B6419 /* AppDelegate.swift */,
				207A80B61BFFD6AC007B6419 /* ViewController.swift */,
				207A80B81BFFD6AC007B6419 /* Main.storyboard */,
				207A80BB1BFFD6AD007B6419 /* Assets.xcassets */,
				207A80BD1BFFD6AD007B6419 /* LaunchScreen.storyboard */,
				207A80C01BFFD6AD007B6419 /* Info.plist */,
			);
			path = BarneySegue;
			sourceTree = "<group>";
		};
/* End PBXGroup section */

/* Begin PBXNativeTarget section */
		207A80B01BFFD6AC007B6419 /* BarneySegue */ = {
			isa = PBXNativeTarget;
			buildConfigurationList = 207A80C31BFFD6AD007B6419 /* Build configuration list for PBXNativeTarget "BarneySegue" */;
			buildPhases = (
				207A80AD1BFFD6AC007B6419 /* Sources */,
				207A80AE1BFFD6AC007B6419 /* Frameworks */,
				207A80AF1BFFD6AC007B6419 /* Resources */,
			);
			buildRules = (
			);
			dependencies = (
			);
			name = BarneySegue;
			productName = BarneySegue;
			productReference = 207A80B11BFFD6AC007B6419 /* BarneySegue.app */;
			productType = "com.apple.product-type.application";
		};
/* End PBXNativeTarget section */

/* Begin PBXProject section */
		207A80A91BFFD6AC007B6419 /* Project object */ = {
			isa = PBXProject;
			attributes = {
				LastSwiftUpdateCheck = 0710;
				LastUpgradeCheck = 0710;
				ORGANIZATIONNAME = fitz;
				TargetAttributes = {
					207A80B01BFFD6AC007B6419 = {
						CreatedOnToolsVersion = 7.1.1;
						DevelopmentTeam = VPZG63FJZ7;
					};
				};
			};
			buildConfigurationList = 207A80AC1BFFD6AC007B6419 /* Build configuration list for PBXProject "BarneySegue" */;
			compatibilityVersion = "Xcode 3.2";
			developmentRegion = English;
			hasScannedForEncodings = 0;
			knownRegions = (
				en,
				Base,
			);
			mainGroup = 207A80A81BFFD6AC007B6419;
			productRefGroup = 207A80B21BFFD6AC007B6419 /* Products */;
			projectDirPath = "";
			projectRoot = "";
			targets = (
				207A80B01BFFD6AC007B6419 /* BarneySegue */,
			);
		};
/* End PBXProject section */

/* Begin PBXResourcesBuildPhase section */
		207A80AF1BFFD6AC007B6419 /* Resources */ = {
			isa = PBXResourcesBuildPhase;
			buildActionMask = 2147483647;
			files = (
				207A80BF1BFFD6AD007B6419 /* LaunchScreen.storyboard in Resources */,
				207A80BC1BFFD6AD007B6419 /* Assets.xcassets in Resources */,
				207A80BA1BFFD6AC007B6419 /* Main.storyboard in Resources */,
			);
			runOnlyForDeploymentPostprocessing = 0;
		};
/* End PBXResourcesBuildPhase section */

/* Begin PBXSourcesBuildPhase section */
		207A80AD1BFFD6AC007B6419 /* Sources */ = {
			isa = PBXSourcesBuildPhase;
			buildActionMask = 2147483647;
			files = (
				207A80B71BFFD6AC007B6419 /* ViewController.swift in Sources */,
				207A80B51BFFD6AC007B6419 /* AppDelegate.swift in Sources */,
			);
			runOnlyForDeploymentPostprocessing = 0;
		};
/* End PBXSourcesBuildPhase section */

/* Begin PBXVariantGroup section */
		207A80B81BFFD6AC007B6419 /* Main.storyboard */ = {
			isa = PBXVariantGroup;
			children = (
				207A80B91BFFD6AC007B6419 /* Base */,
			);
			name = Main.storyboard;
			sourceTree = "<group>";
		};
		207A80BD1BFFD6AD007B6419 /* LaunchScreen.storyboard */ = {
			isa = PBXVariantGroup;
			children = (
				207A80BE1BFFD6AD007B6419 /* Base */,
			);
			name = LaunchScreen.storyboard;
			sourceTree = "<group>";
		};
/* End PBXVariantGroup section */

/* Begin XCBuildConfiguration section */
		207A80C11BFFD6AD007B6419 /* Debug */ = {
			isa = XCBuildConfiguration;
			buildSettings = {
				ALWAYS_SEARCH_USER_PATHS = NO;
				CLANG_CXX_LANGUAGE_STANDARD = "gnu++0x";
				CLANG_CXX_LIBRARY = "libc++";
				CLANG_ENABLE_MODULES = YES;
				CLANG_ENABLE_OBJC_ARC = YES;
				CLANG_WARN_BOOL_CONVERSION = YES;
				CLANG_WARN_CONSTANT_CONVERSION = YES;
				CLANG_WARN_DIRECT_OBJC_ISA_USAGE = YES_ERROR;
				CLANG_WARN_EMPTY_BODY = YES;
				CLANG_WARN_ENUM_CONVERSION = YES;
				CLANG_WARN_INT_CONVERSION = YES;
				CLANG_WARN_OBJC_ROOT_CLASS = YES_ERROR;
				CLANG_WARN_UNREACHABLE_CODE = YES;
				CLANG_WARN__DUPLICATE_METHOD_MATCH = YES;
				"CODE_SIGN_IDENTITY[sdk=iphoneos*]" = "iPhone Developer";
				COPY_PHASE_STRIP = NO;
				DEBUG_INFORMATION_FORMAT = dwarf;
				ENABLE_STRICT_OBJC_MSGSEND = YES;
				ENABLE_TESTABILITY = YES;
				GCC_C_LANGUAGE_STANDARD = gnu99;
				GCC_DYNAMIC_NO_PIC = NO;
				GCC_NO_COMMON_BLOCKS = YES;
				GCC_OPTIMIZATION_LEVEL = 0;
				GCC_PREPROCESSOR_DEFINITIONS = (
					"DEBUG=1",
					"$(inherited)",
				);
				GCC_WARN_64_TO_32_BIT_CONVERSION = YES;
				GCC_WARN_ABOUT_RETURN_TYPE = YES_ERROR;
				GCC_WARN_UNDECLARED_SELECTOR = YES;
				GCC_WARN_UNINITIALIZED_AUTOS = YES_AGGRESSIVE;
				GCC_WARN_UNUSED_FUNCTION = YES;
				GCC_WARN_UNUSED_VARIABLE = YES;
				IPHONEOS_DEPLOYMENT_TARGET = 9.1;
				MTL_ENABLE_DEBUG_INFO = YES;
				ONLY_ACTIVE_ARCH = YES;
				SDKROOT = iphoneos;
				SWIFT_OPTIMIZATION_LEVEL = "-Onone";
			};
			name = Debug;
		};
		207A80C21BFFD6AD007B6419 /* Release */ = {
			isa = XCBuildConfiguration;
			buildSettings = {
				ALWAYS_SEARCH_USER_PATHS = NO;
				CLANG_CXX_LANGUAGE_STANDARD = "gnu++0x";
				CLANG_CXX_LIBRARY = "libc++";
				CLANG_ENABLE_MODULES = YES;
				CLANG_ENABLE_OBJC_ARC = YES;
				CLANG_WARN_BOOL_CONVERSION = YES;
				CLANG_WARN_CONSTANT_CONVERSION = YES;
				CLANG_WARN_DIRECT_OBJC_ISA_USAGE = YES_ERROR;
				CLANG_WARN_EMPTY_BODY = YES;
				CLANG_WARN_ENUM_CONVERSION = YES;
				CLANG_WARN_INT_CONVERSION = YES;
				CLANG_WARN_OBJC_ROOT_CLASS = YES_ERROR;
				CLANG_WARN_UNREACHABLE_CODE = YES;
				CLANG_WARN__DUPLICATE_METHOD_MATCH = YES;
				"CODE_SIGN_IDENTITY[sdk=iphoneos*]" = "iPhone Developer";
				COPY_PHASE_STRIP = NO;
				DEBUG_INFORMATION_FORMAT = "dwarf-with-dsym";
				ENABLE_NS_ASSERTIONS = NO;
				ENABLE_STRICT_OBJC_MSGSEND = YES;
				GCC_C_LANGUAGE_STANDARD = gnu99;
				GCC_NO_COMMON_BLOCKS = YES;
				GCC_WARN_64_TO_32_BIT_CONVERSION = YES;
				GCC_WARN_ABOUT_RETURN_TYPE = YES_ERROR;
				GCC_WARN_UNDECLARED_SELECTOR = YES;
				GCC_WARN_UNINITIALIZED_AUTOS = YES_AGGRESSIVE;
				GCC_WARN_UNUSED_FUNCTION = YES;
				GCC_WARN_UNUSED_VARIABLE = YES;
				IPHONEOS_DEPLOYMENT_TARGET = 9.1;
				MTL_ENABLE_DEBUG_INFO = NO;
				SDKROOT = iphoneos;
				VALIDATE_PRODUCT = YES;
			};
			name = Release;
		};
		207A80C41BFFD6AD007B6419 /* Debug */ = {
			isa = XCBuildConfiguration;
			buildSettings = {
				ASSETCATALOG_COMPILER_APPICON_NAME = AppIcon;
				INFOPLIST_FILE = BarneySegue/Info.plist;
				LD_RUNPATH_SEARCH_PATHS = "$(inherited) @executable_path/Frameworks";
				PRODUCT_BUNDLE_IDENTIFIER = com.junk.BarneySegue;
				PRODUCT_NAME = "$(TARGET_NAME)";
			};
			name = Debug;
		};
		207A80C51BFFD6AD007B6419 /* Release */ = {
			isa = XCBuildConfiguration;
			buildSettings = {
				ASSETCATALOG_COMPILER_APPICON_NAME = AppIcon;
				INFOPLIST_FILE = BarneySegue/Info.plist;
				LD_RUNPATH_SEARCH_PATHS = "$(inherited) @executable_path/Frameworks";
				PRODUCT_BUNDLE_IDENTIFIER = com.junk.BarneySegue;
				PRODUCT_NAME = "$(TARGET_NAME)";
			};
			name = Release;
		};
/* End XCBuildConfiguration section */

/* Begin XCConfigurationList section */
		207A80AC1BFFD6AC007B6419 /* Build configuration list for PBXProject "BarneySegue" */ = {
			isa = XCConfigurationList;
			buildConfigurations = (
				207A80C11BFFD6AD007B6419 /* Debug */,
				207A80C21BFFD6AD007B6419 /* Release */,
			);
			defaultConfigurationIsVisible = 0;
			defaultConfigurationName = Release;
		};
		207A80C31BFFD6AD007B6419 /* Build configuration list for PBXNativeTarget "BarneySegue" */ = {
			isa = XCConfigurationList;
			buildConfigurations = (
				207A80C41BFFD6AD007B6419 /* Debug */,
				207A80C51BFFD6AD007B6419 /* Release */,
			);
			defaultConfigurationIsVisible = 0;
		};
/* End XCConfigurationList section */
	};
	rootObject = 207A80A91BFFD6AC007B6419 /* Project object */;
}
