// !$*UTF8*$!
{
	archiveVersion = 1;
	classes = {
	};
	objectVersion = 46;
	objects = {

/* Begin PBXBuildFile section */
		5AF131B31BC60DEC001CE0CC /* AppDelegate.swift in Sources */ = {isa = PBXBuildFile; fileRef = 5AF131B21BC60DEC001CE0CC /* AppDelegate.swift */; };
		5AF131B51BC60DEC001CE0CC /* ViewController.swift in Sources */ = {isa = PBXBuildFile; fileRef = 5AF131B41BC60DEC001CE0CC /* ViewController.swift */; };
		5AF131B81BC60DEC001CE0CC /* Main.storyboard in Resources */ = {isa = PBXBuildFile; fileRef = 5AF131B61BC60DEC001CE0CC /* Main.storyboard */; };
		5AF131BA1BC60DEC001CE0CC /* Assets.xcassets in Resources */ = {isa = PBXBuildFile; fileRef = 5AF131B91BC60DEC001CE0CC /* Assets.xcassets */; };
		5AF131BD1BC60DEC001CE0CC /* LaunchScreen.storyboard in Resources */ = {isa = PBXBuildFile; fileRef = 5AF131BB1BC60DEC001CE0CC /* LaunchScreen.storyboard */; };
/* End PBXBuildFile section */

/* Begin PBXFileReference section */
		5AF131AF1BC60DEC001CE0CC /* gcd.app */ = {isa = PBXFileReference; explicitFileType = wrapper.application; includeInIndex = 0; path = gcd.app; sourceTree = BUILT_PRODUCTS_DIR; };
		5AF131B21BC60DEC001CE0CC /* AppDelegate.swift */ = {isa = PBXFileReference; lastKnownFileType = sourcecode.swift; path = AppDelegate.swift; sourceTree = "<group>"; };
		5AF131B41BC60DEC001CE0CC /* ViewController.swift */ = {isa = PBXFileReference; lastKnownFileType = sourcecode.swift; path = ViewController.swift; sourceTree = "<group>"; };
		5AF131B71BC60DEC001CE0CC /* Base */ = {isa = PBXFileReference; lastKnownFileType = file.storyboard; name = Base; path = Base.lproj/Main.storyboard; sourceTree = "<group>"; };
		5AF131B91BC60DEC001CE0CC /* Assets.xcassets */ = {isa = PBXFileReference; lastKnownFileType = folder.assetcatalog; path = Assets.xcassets; sourceTree = "<group>"; };
		5AF131BC1BC60DEC001CE0CC /* Base */ = {isa = PBXFileReference; lastKnownFileType = file.storyboard; name = Base; path = Base.lproj/LaunchScreen.storyboard; sourceTree = "<group>"; };
		5AF131BE1BC60DEC001CE0CC /* Info.plist */ = {isa = PBXFileReference; lastKnownFileType = text.plist.xml; path = Info.plist; sourceTree = "<group>"; };
/* End PBXFileReference section */

/* Begin PBXFrameworksBuildPhase section */
		5AF131AC1BC60DEC001CE0CC /* Frameworks */ = {
			isa = PBXFrameworksBuildPhase;
			buildActionMask = 2147483647;
			files = (
			);
			runOnlyForDeploymentPostprocessing = 0;
		};
/* End PBXFrameworksBuildPhase section */

/* Begin PBXGroup section */
		5AF131A61BC60DEC001CE0CC = {
			isa = PBXGroup;
			children = (
				5AF131B11BC60DEC001CE0CC /* gcd */,
				5AF131B01BC60DEC001CE0CC /* Products */,
			);
			sourceTree = "<group>";
		};
		5AF131B01BC60DEC001CE0CC /* Products */ = {
			isa = PBXGroup;
			children = (
				5AF131AF1BC60DEC001CE0CC /* gcd.app */,
			);
			name = Products;
			sourceTree = "<group>";
		};
		5AF131B11BC60DEC001CE0CC /* gcd */ = {
			isa = PBXGroup;
			children = (
				5AF131B21BC60DEC001CE0CC /* AppDelegate.swift */,
				5AF131B41BC60DEC001CE0CC /* ViewController.swift */,
				5AF131B61BC60DEC001CE0CC /* Main.storyboard */,
				5AF131B91BC60DEC001CE0CC /* Assets.xcassets */,
				5AF131BB1BC60DEC001CE0CC /* LaunchScreen.storyboard */,
				5AF131BE1BC60DEC001CE0CC /* Info.plist */,
			);
			path = gcd;
			sourceTree = "<group>";
		};
/* End PBXGroup section */

/* Begin PBXNativeTarget section */
		5AF131AE1BC60DEC001CE0CC /* gcd */ = {
			isa = PBXNativeTarget;
			buildConfigurationList = 5AF131C11BC60DEC001CE0CC /* Build configuration list for PBXNativeTarget "gcd" */;
			buildPhases = (
				5AF131AB1BC60DEC001CE0CC /* Sources */,
				5AF131AC1BC60DEC001CE0CC /* Frameworks */,
				5AF131AD1BC60DEC001CE0CC /* Resources */,
			);
			buildRules = (
			);
			dependencies = (
			);
			name = gcd;
			productName = gcd;
			productReference = 5AF131AF1BC60DEC001CE0CC /* gcd.app */;
			productType = "com.apple.product-type.application";
		};
/* End PBXNativeTarget section */

/* Begin PBXProject section */
		5AF131A71BC60DEC001CE0CC /* Project object */ = {
			isa = PBXProject;
			attributes = {
				LastUpgradeCheck = 0700;
				ORGANIZATIONNAME = "Preston Blaylock";
				TargetAttributes = {
					5AF131AE1BC60DEC001CE0CC = {
						CreatedOnToolsVersion = 7.0;
					};
				};
			};
			buildConfigurationList = 5AF131AA1BC60DEC001CE0CC /* Build configuration list for PBXProject "gcd" */;
			compatibilityVersion = "Xcode 3.2";
			developmentRegion = English;
			hasScannedForEncodings = 0;
			knownRegions = (
				en,
				Base,
			);
			mainGroup = 5AF131A61BC60DEC001CE0CC;
			productRefGroup = 5AF131B01BC60DEC001CE0CC /* Products */;
			projectDirPath = "";
			projectRoot = "";
			targets = (
				5AF131AE1BC60DEC001CE0CC /* gcd */,
			);
		};
/* End PBXProject section */

/* Begin PBXResourcesBuildPhase section */
		5AF131AD1BC60DEC001CE0CC /* Resources */ = {
			isa = PBXResourcesBuildPhase;
			buildActionMask = 2147483647;
			files = (
				5AF131BD1BC60DEC001CE0CC /* LaunchScreen.storyboard in Resources */,
				5AF131BA1BC60DEC001CE0CC /* Assets.xcassets in Resources */,
				5AF131B81BC60DEC001CE0CC /* Main.storyboard in Resources */,
			);
			runOnlyForDeploymentPostprocessing = 0;
		};
/* End PBXResourcesBuildPhase section */

/* Begin PBXSourcesBuildPhase section */
		5AF131AB1BC60DEC001CE0CC /* Sources */ = {
			isa = PBXSourcesBuildPhase;
			buildActionMask = 2147483647;
			files = (
				5AF131B51BC60DEC001CE0CC /* ViewController.swift in Sources */,
				5AF131B31BC60DEC001CE0CC /* AppDelegate.swift in Sources */,
			);
			runOnlyForDeploymentPostprocessing = 0;
		};
/* End PBXSourcesBuildPhase section */

/* Begin PBXVariantGroup section */
		5AF131B61BC60DEC001CE0CC /* Main.storyboard */ = {
			isa = PBXVariantGroup;
			children = (
				5AF131B71BC60DEC001CE0CC /* Base */,
			);
			name = Main.storyboard;
			sourceTree = "<group>";
		};
		5AF131BB1BC60DEC001CE0CC /* LaunchScreen.storyboard */ = {
			isa = PBXVariantGroup;
			children = (
				5AF131BC1BC60DEC001CE0CC /* Base */,
			);
			name = LaunchScreen.storyboard;
			sourceTree = "<group>";
		};
/* End PBXVariantGroup section */

/* Begin XCBuildConfiguration section */
		5AF131BF1BC60DEC001CE0CC /* Debug */ = {
			isa = XCBuildConfiguration;
			buildSettings = {
				ALWAYS_SEARCH_USER_PATHS = NO;
				CLANG_CXX_LANGUAGE_STANDARD = "gnu++0x";
				CLANG_CXX_LIBRARY = "libc++";
				CLANG_ENABLE_MODULES = YES;
				CLANG_ENABLE_OBJC_ARC = YES;
				CLANG_WARN_BOOL_CONVERSION = YES;
				CLANG_WARN_CONSTANT_CONVERSION = YES;
				CLANG_WARN_DIRECT_OBJC_ISA_USAGE = YES_ERROR;
				CLANG_WARN_EMPTY_BODY = YES;
				CLANG_WARN_ENUM_CONVERSION = YES;
				CLANG_WARN_INT_CONVERSION = YES;
				CLANG_WARN_OBJC_ROOT_CLASS = YES_ERROR;
				CLANG_WARN_UNREACHABLE_CODE = YES;
				CLANG_WARN__DUPLICATE_METHOD_MATCH = YES;
				"CODE_SIGN_IDENTITY[sdk=iphoneos*]" = "iPhone Developer";
				COPY_PHASE_STRIP = NO;
				DEBUG_INFORMATION_FORMAT = dwarf;
				ENABLE_STRICT_OBJC_MSGSEND = YES;
				ENABLE_TESTABILITY = YES;
				GCC_C_LANGUAGE_STANDARD = gnu99;
				GCC_DYNAMIC_NO_PIC = NO;
				GCC_NO_COMMON_BLOCKS = YES;
				GCC_OPTIMIZATION_LEVEL = 0;
				GCC_PREPROCESSOR_DEFINITIONS = (
					"DEBUG=1",
					"$(inherited)",
				);
				GCC_WARN_64_TO_32_BIT_CONVERSION = YES;
				GCC_WARN_ABOUT_RETURN_TYPE = YES_ERROR;
				GCC_WARN_UNDECLARED_SELECTOR = YES;
				GCC_WARN_UNINITIALIZED_AUTOS = YES_AGGRESSIVE;
				GCC_WARN_UNUSED_FUNCTION = YES;
				GCC_WARN_UNUSED_VARIABLE = YES;
				IPHONEOS_DEPLOYMENT_TARGET = 9.0;
				MTL_ENABLE_DEBUG_INFO = YES;
				ONLY_ACTIVE_ARCH = YES;
				SDKROOT = iphoneos;
				SWIFT_OPTIMIZATION_LEVEL = "-Onone";
			};
			name = Debug;
		};
		5AF131C01BC60DEC001CE0CC /* Release */ = {
			isa = XCBuildConfiguration;
			buildSettings = {
				ALWAYS_SEARCH_USER_PATHS = NO;
				CLANG_CXX_LANGUAGE_STANDARD = "gnu++0x";
				CLANG_CXX_LIBRARY = "libc++";
				CLANG_ENABLE_MODULES = YES;
				CLANG_ENABLE_OBJC_ARC = YES;
				CLANG_WARN_BOOL_CONVERSION = YES;
				CLANG_WARN_CONSTANT_CONVERSION = YES;
				CLANG_WARN_DIRECT_OBJC_ISA_USAGE = YES_ERROR;
				CLANG_WARN_EMPTY_BODY = YES;
				CLANG_WARN_ENUM_CONVERSION = YES;
				CLANG_WARN_INT_CONVERSION = YES;
				CLANG_WARN_OBJC_ROOT_CLASS = YES_ERROR;
				CLANG_WARN_UNREACHABLE_CODE = YES;
				CLANG_WARN__DUPLICATE_METHOD_MATCH = YES;
				"CODE_SIGN_IDENTITY[sdk=iphoneos*]" = "iPhone Developer";
				COPY_PHASE_STRIP = NO;
				DEBUG_INFORMATION_FORMAT = "dwarf-with-dsym";
				ENABLE_NS_ASSERTIONS = NO;
				ENABLE_STRICT_OBJC_MSGSEND = YES;
				GCC_C_LANGUAGE_STANDARD = gnu99;
				GCC_NO_COMMON_BLOCKS = YES;
				GCC_WARN_64_TO_32_BIT_CONVERSION = YES;
				GCC_WARN_ABOUT_RETURN_TYPE = YES_ERROR;
				GCC_WARN_UNDECLARED_SELECTOR = YES;
				GCC_WARN_UNINITIALIZED_AUTOS = YES_AGGRESSIVE;
				GCC_WARN_UNUSED_FUNCTION = YES;
				GCC_WARN_UNUSED_VARIABLE = YES;
				IPHONEOS_DEPLOYMENT_TARGET = 9.0;
				MTL_ENABLE_DEBUG_INFO = NO;
				SDKROOT = iphoneos;
				VALIDATE_PRODUCT = YES;
			};
			name = Release;
		};
		5AF131C21BC60DEC001CE0CC /* Debug */ = {
			isa = XCBuildConfiguration;
			buildSettings = {
				ASSETCATALOG_COMPILER_APPICON_NAME = AppIcon;
				INFOPLIST_FILE = gcd/Info.plist;
				LD_RUNPATH_SEARCH_PATHS = "$(inherited) @executable_path/Frameworks";
				PRODUCT_BUNDLE_IDENTIFIER = com.prestonblaylock.gcd;
				PRODUCT_NAME = "$(TARGET_NAME)";
			};
			name = Debug;
		};
		5AF131C31BC60DEC001CE0CC /* Release */ = {
			isa = XCBuildConfiguration;
			buildSettings = {
				ASSETCATALOG_COMPILER_APPICON_NAME = AppIcon;
				INFOPLIST_FILE = gcd/Info.plist;
				LD_RUNPATH_SEARCH_PATHS = "$(inherited) @executable_path/Frameworks";
				PRODUCT_BUNDLE_IDENTIFIER = com.prestonblaylock.gcd;
				PRODUCT_NAME = "$(TARGET_NAME)";
			};
			name = Release;
		};
/* End XCBuildConfiguration section */

/* Begin XCConfigurationList section */
		5AF131AA1BC60DEC001CE0CC /* Build configuration list for PBXProject "gcd" */ = {
			isa = XCConfigurationList;
			buildConfigurations = (
				5AF131BF1BC60DEC001CE0CC /* Debug */,
				5AF131C01BC60DEC001CE0CC /* Release */,
			);
			defaultConfigurationIsVisible = 0;
			defaultConfigurationName = Release;
		};
		5AF131C11BC60DEC001CE0CC /* Build configuration list for PBXNativeTarget "gcd" */ = {
			isa = XCConfigurationList;
			buildConfigurations = (
				5AF131C21BC60DEC001CE0CC /* Debug */,
				5AF131C31BC60DEC001CE0CC /* Release */,
			);
			defaultConfigurationIsVisible = 0;
		};
/* End XCConfigurationList section */
	};
	rootObject = 5AF131A71BC60DEC001CE0CC /* Project object */;
}
